
Microsoft Visual Studio Solution File, Format Version 12.00
# Visual Studio Version 17
VisualStudioVersion = 17.2.32505.173
MinimumVisualStudioVersion = 10.0.40219.1
Project("{FAE04EC0-301F-11D3-BF4B-00C04F79EFBC}") = "QRTool", "QRTool\QRTool.csproj", "{7875594A-67A3-4A3F-ADEE-AC51D1A6037D}"
EndProject
Project("{54435603-DBB4-11D2-8724-00A0C9A8B90C}") = "QRToolSetup", "QRToolSetup\QRToolSetup.vdproj", "{B9362D34-A884-444A-BA7C-8765CA7D2422}"
EndProject
Global
	GlobalSection(SolutionConfigurationPlatforms) = preSolution
		Debug|Any CPU = Debug|Any CPU
		Release|Any CPU = Release|Any CPU
	EndGlobalSection
	GlobalSection(ProjectConfigurationPlatforms) = postSolution
		{7875594A-67A3-4A3F-ADEE-AC51D1A6037D}.Debug|Any CPU.ActiveCfg = Debug|Any CPU
		{7875594A-67A3-4A3F-ADEE-AC51D1A6037D}.Debug|Any CPU.Build.0 = Debug|Any CPU
		{7875594A-67A3-4A3F-ADEE-AC51D1A6037D}.Release|Any CPU.ActiveCfg = Release|Any CPU
		{7875594A-67A3-4A3F-ADEE-AC51D1A6037D}.Release|Any CPU.Build.0 = Release|Any CPU
		{B9362D34-A884-444A-BA7C-8765CA7D2422}.Debug|Any CPU.ActiveCfg = Debug
		{B9362D34-A884-444A-BA7C-8765CA7D2422}.Release|Any CPU.ActiveCfg = Release
	EndGlobalSection
	GlobalSection(SolutionProperties) = preSolution
		HideSolutionNode = FALSE
	EndGlobalSection
	GlobalSection(ExtensibilityGlobals) = postSolution
		SolutionGuid = {2E4C2969-4AE5-4BEF-9E48-706BA7076FDC}
	EndGlobalSection
EndGlobal
